'1':
  base:
    name: '&aMy First Custom Block'
    lore:
    - '&7Wow... It''s possible!'
    - '&7That''s awesome!'
    required-power: 2
    min-xp: 10
    max-xp: 20
    gen-template: basic-template
    material: STONE
    block-id: 1.0
'2':
  base:
    name: '&bMy Second Custom Block'
    material: STONE
    block-id: 2.0
'3':
  base:
    lore:
    - I have no display name.
    - I only have a lore!
    material: STONE
    block-id: 3.0
'4':
  base:
    material: HAY_BLOCK
    require-power-to-break: 0.0
    displayed-type: '10'
    disable-crafting: true
    hide-enchants: true
    disable-smelting: true
    disable-smithing: true
    unbreakable: true
'5':
  base:
    material: OAK_LOG
    name: '&fДрова'
    tier: COMMON
    displayed-type: '&cКвестовый'
    disable-death-drop: true
    unstackable: true
    custom-nbt: []
BERRY:
  base:
    material: PLAYER_HEAD
    skull-texture:
      value: eyJ0ZXh0dXJlcyI6eyJTS0lOIjp7InVybCI6Imh0dHA6Ly90ZXh0dXJlcy5taW5lY3JhZnQubmV0L3RleHR1cmUvOTFlN2ViMmU0NjFlOTZlNjMxY2JhMGMwY2RhYTU0NDg4MDYzMDJlZGFlOTFiNjFkYWZjMjgxYWU1ODRkOCJ9fX0=
      uuid: 701aa558-c1b0-4eb7-81e4-79b1af25283c
    name: '&fЯгода'
